
Microsoft Visual Studio Solution File, Format Version 12.00
# Visual Studio 14
VisualStudioVersion = 14.0.24720.0
MinimumVisualStudioVersion = 10.0.40219.1
Project("{8BC9CEB8-8B4A-11D0-8D11-00A0C91BC942}") = "like2015", "like2015.vcxitems", "{45D41ACC-2C3C-43D2-BC10-02AA73FFC7C7}"
EndProject
Project("{8BC9CEB8-8B4A-11D0-8D11-00A0C91BC942}") = "like2015test", "..\like2015test\like2015test.vcxproj", "{398E0E0B-FDEC-45F7-94D9-7B5BF99D1826}"
EndProject
Project("{8BC9CEB8-8B4A-11D0-8D11-00A0C91BC942}") = "App1", "..\App1\App1.vcxproj", "{0102DB1B-ACF4-4479-BC22-1F42169FE9B8}"
EndProject
Project("{8BC9CEB8-8B4A-11D0-8D11-00A0C91BC942}") = "sudoku", "..\sudoku\sudoku.vcxproj", "{B23F1569-966B-426F-B0BE-57A6BFAA082F}"
EndProject
Project("{8BC9CEB8-8B4A-11D0-8D11-00A0C91BC942}") = "like2015UnitTest", "..\like2015UnitTest\like2015UnitTest.vcxproj", "{A934656E-9B17-4047-A3DB-089A2B0C2386}"
EndProject
Project("{8BC9CEB8-8B4A-11D0-8D11-00A0C91BC942}") = "CPUID_2015", "..\CPUID_2015\CPUID_2015.vcxproj", "{CB713622-40CA-4C17-9A5F-A671920DD4F2}"
EndProject
Project("{8BC9CEB8-8B4A-11D0-8D11-00A0C91BC942}") = "App2", "..\App2\App2.vcxproj", "{CB1356B3-F513-463C-A8AD-7E484AD734E4}"
EndProject
Project("{8BC9CEB8-8B4A-11D0-8D11-00A0C91BC942}") = "jrmwng", "..\jrmwng\jrmwng.vcxitems", "{4618FB35-A72B-45BB-B78F-7014279DAEC6}"
EndProject
Project("{8BC9CEB8-8B4A-11D0-8D11-00A0C91BC942}") = "UnitTest_jrmwng", "..\UnitTest_jrmwng\UnitTest_jrmwng.vcxproj", "{09B19A32-F44E-4122-9878-F82D801E4602}"
EndProject
Global
	GlobalSection(SharedMSBuildProjectFiles) = preSolution
		..\jrmwng\jrmwng.vcxitems*{4618fb35-a72b-45bb-b78f-7014279daec6}*SharedItemsImports = 9
		like2015.vcxitems*{398e0e0b-fdec-45f7-94d9-7b5bf99d1826}*SharedItemsImports = 4
		like2015.vcxitems*{45d41acc-2c3c-43d2-bc10-02aa73ffc7c7}*SharedItemsImports = 9
	EndGlobalSection
	GlobalSection(SolutionConfigurationPlatforms) = preSolution
		Debug|ARM = Debug|ARM
		Debug|x64 = Debug|x64
		Debug|x86 = Debug|x86
		Release|ARM = Release|ARM
		Release|x64 = Release|x64
		Release|x86 = Release|x86
	EndGlobalSection
	GlobalSection(ProjectConfigurationPlatforms) = postSolution
		{398E0E0B-FDEC-45F7-94D9-7B5BF99D1826}.Debug|ARM.ActiveCfg = Debug|Win32
		{398E0E0B-FDEC-45F7-94D9-7B5BF99D1826}.Debug|x64.ActiveCfg = Debug|x64
		{398E0E0B-FDEC-45F7-94D9-7B5BF99D1826}.Debug|x64.Build.0 = Debug|x64
		{398E0E0B-FDEC-45F7-94D9-7B5BF99D1826}.Debug|x86.ActiveCfg = Debug|Win32
		{398E0E0B-FDEC-45F7-94D9-7B5BF99D1826}.Debug|x86.Build.0 = Debug|Win32
		{398E0E0B-FDEC-45F7-94D9-7B5BF99D1826}.Release|ARM.ActiveCfg = Release|Win32
		{398E0E0B-FDEC-45F7-94D9-7B5BF99D1826}.Release|x64.ActiveCfg = Release|x64
		{398E0E0B-FDEC-45F7-94D9-7B5BF99D1826}.Release|x64.Build.0 = Release|x64
		{398E0E0B-FDEC-45F7-94D9-7B5BF99D1826}.Release|x86.ActiveCfg = Release|Win32
		{398E0E0B-FDEC-45F7-94D9-7B5BF99D1826}.Release|x86.Build.0 = Release|Win32
		{0102DB1B-ACF4-4479-BC22-1F42169FE9B8}.Debug|ARM.ActiveCfg = Debug|ARM
		{0102DB1B-ACF4-4479-BC22-1F42169FE9B8}.Debug|ARM.Build.0 = Debug|ARM
		{0102DB1B-ACF4-4479-BC22-1F42169FE9B8}.Debug|ARM.Deploy.0 = Debug|ARM
		{0102DB1B-ACF4-4479-BC22-1F42169FE9B8}.Debug|x64.ActiveCfg = Debug|x64
		{0102DB1B-ACF4-4479-BC22-1F42169FE9B8}.Debug|x64.Build.0 = Debug|x64
		{0102DB1B-ACF4-4479-BC22-1F42169FE9B8}.Debug|x64.Deploy.0 = Debug|x64
		{0102DB1B-ACF4-4479-BC22-1F42169FE9B8}.Debug|x86.ActiveCfg = Debug|Win32
		{0102DB1B-ACF4-4479-BC22-1F42169FE9B8}.Debug|x86.Build.0 = Debug|Win32
		{0102DB1B-ACF4-4479-BC22-1F42169FE9B8}.Debug|x86.Deploy.0 = Debug|Win32
		{0102DB1B-ACF4-4479-BC22-1F42169FE9B8}.Release|ARM.ActiveCfg = Release|ARM
		{0102DB1B-ACF4-4479-BC22-1F42169FE9B8}.Release|ARM.Build.0 = Release|ARM
		{0102DB1B-ACF4-4479-BC22-1F42169FE9B8}.Release|ARM.Deploy.0 = Release|ARM
		{0102DB1B-ACF4-4479-BC22-1F42169FE9B8}.Release|x64.ActiveCfg = Release|x64
		{0102DB1B-ACF4-4479-BC22-1F42169FE9B8}.Release|x64.Build.0 = Release|x64
		{0102DB1B-ACF4-4479-BC22-1F42169FE9B8}.Release|x64.Deploy.0 = Release|x64
		{0102DB1B-ACF4-4479-BC22-1F42169FE9B8}.Release|x86.ActiveCfg = Release|Win32
		{0102DB1B-ACF4-4479-BC22-1F42169FE9B8}.Release|x86.Build.0 = Release|Win32
		{0102DB1B-ACF4-4479-BC22-1F42169FE9B8}.Release|x86.Deploy.0 = Release|Win32
		{B23F1569-966B-426F-B0BE-57A6BFAA082F}.Debug|ARM.ActiveCfg = Debug|Win32
		{B23F1569-966B-426F-B0BE-57A6BFAA082F}.Debug|x64.ActiveCfg = Debug|x64
		{B23F1569-966B-426F-B0BE-57A6BFAA082F}.Debug|x64.Build.0 = Debug|x64
		{B23F1569-966B-426F-B0BE-57A6BFAA082F}.Debug|x86.ActiveCfg = Debug|Win32
		{B23F1569-966B-426F-B0BE-57A6BFAA082F}.Debug|x86.Build.0 = Debug|Win32
		{B23F1569-966B-426F-B0BE-57A6BFAA082F}.Release|ARM.ActiveCfg = Release|Win32
		{B23F1569-966B-426F-B0BE-57A6BFAA082F}.Release|x64.ActiveCfg = Release|x64
		{B23F1569-966B-426F-B0BE-57A6BFAA082F}.Release|x64.Build.0 = Release|x64
		{B23F1569-966B-426F-B0BE-57A6BFAA082F}.Release|x86.ActiveCfg = Release|Win32
		{B23F1569-966B-426F-B0BE-57A6BFAA082F}.Release|x86.Build.0 = Release|Win32
		{A934656E-9B17-4047-A3DB-089A2B0C2386}.Debug|ARM.ActiveCfg = Debug|Win32
		{A934656E-9B17-4047-A3DB-089A2B0C2386}.Debug|x64.ActiveCfg = Debug|x64
		{A934656E-9B17-4047-A3DB-089A2B0C2386}.Debug|x64.Build.0 = Debug|x64
		{A934656E-9B17-4047-A3DB-089A2B0C2386}.Debug|x86.ActiveCfg = Debug|Win32
		{A934656E-9B17-4047-A3DB-089A2B0C2386}.Debug|x86.Build.0 = Debug|Win32
		{A934656E-9B17-4047-A3DB-089A2B0C2386}.Release|ARM.ActiveCfg = Release|Win32
		{A934656E-9B17-4047-A3DB-089A2B0C2386}.Release|x64.ActiveCfg = Release|x64
		{A934656E-9B17-4047-A3DB-089A2B0C2386}.Release|x64.Build.0 = Release|x64
		{A934656E-9B17-4047-A3DB-089A2B0C2386}.Release|x86.ActiveCfg = Release|Win32
		{A934656E-9B17-4047-A3DB-089A2B0C2386}.Release|x86.Build.0 = Release|Win32
		{CB713622-40CA-4C17-9A5F-A671920DD4F2}.Debug|ARM.ActiveCfg = Debug|Win32
		{CB713622-40CA-4C17-9A5F-A671920DD4F2}.Debug|x64.ActiveCfg = Debug|x64
		{CB713622-40CA-4C17-9A5F-A671920DD4F2}.Debug|x64.Build.0 = Debug|x64
		{CB713622-40CA-4C17-9A5F-A671920DD4F2}.Debug|x86.ActiveCfg = Debug|Win32
		{CB713622-40CA-4C17-9A5F-A671920DD4F2}.Debug|x86.Build.0 = Debug|Win32
		{CB713622-40CA-4C17-9A5F-A671920DD4F2}.Release|ARM.ActiveCfg = Release|Win32
		{CB713622-40CA-4C17-9A5F-A671920DD4F2}.Release|x64.ActiveCfg = Release|x64
		{CB713622-40CA-4C17-9A5F-A671920DD4F2}.Release|x64.Build.0 = Release|x64
		{CB713622-40CA-4C17-9A5F-A671920DD4F2}.Release|x86.ActiveCfg = Release|Win32
		{CB713622-40CA-4C17-9A5F-A671920DD4F2}.Release|x86.Build.0 = Release|Win32
		{CB1356B3-F513-463C-A8AD-7E484AD734E4}.Debug|ARM.ActiveCfg = Debug|ARM
		{CB1356B3-F513-463C-A8AD-7E484AD734E4}.Debug|ARM.Build.0 = Debug|ARM
		{CB1356B3-F513-463C-A8AD-7E484AD734E4}.Debug|ARM.Deploy.0 = Debug|ARM
		{CB1356B3-F513-463C-A8AD-7E484AD734E4}.Debug|x64.ActiveCfg = Debug|x64
		{CB1356B3-F513-463C-A8AD-7E484AD734E4}.Debug|x64.Build.0 = Debug|x64
		{CB1356B3-F513-463C-A8AD-7E484AD734E4}.Debug|x64.Deploy.0 = Debug|x64
		{CB1356B3-F513-463C-A8AD-7E484AD734E4}.Debug|x86.ActiveCfg = Debug|Win32
		{CB1356B3-F513-463C-A8AD-7E484AD734E4}.Debug|x86.Build.0 = Debug|Win32
		{CB1356B3-F513-463C-A8AD-7E484AD734E4}.Debug|x86.Deploy.0 = Debug|Win32
		{CB1356B3-F513-463C-A8AD-7E484AD734E4}.Release|ARM.ActiveCfg = Release|ARM
		{CB1356B3-F513-463C-A8AD-7E484AD734E4}.Release|ARM.Build.0 = Release|ARM
		{CB1356B3-F513-463C-A8AD-7E484AD734E4}.Release|ARM.Deploy.0 = Release|ARM
		{CB1356B3-F513-463C-A8AD-7E484AD734E4}.Release|x64.ActiveCfg = Release|x64
		{CB1356B3-F513-463C-A8AD-7E484AD734E4}.Release|x64.Build.0 = Release|x64
		{CB1356B3-F513-463C-A8AD-7E484AD734E4}.Release|x64.Deploy.0 = Release|x64
		{CB1356B3-F513-463C-A8AD-7E484AD734E4}.Release|x86.ActiveCfg = Release|Win32
		{CB1356B3-F513-463C-A8AD-7E484AD734E4}.Release|x86.Build.0 = Release|Win32
		{CB1356B3-F513-463C-A8AD-7E484AD734E4}.Release|x86.Deploy.0 = Release|Win32
		{09B19A32-F44E-4122-9878-F82D801E4602}.Debug|ARM.ActiveCfg = Debug|Win32
		{09B19A32-F44E-4122-9878-F82D801E4602}.Debug|x64.ActiveCfg = Debug|x64
		{09B19A32-F44E-4122-9878-F82D801E4602}.Debug|x64.Build.0 = Debug|x64
		{09B19A32-F44E-4122-9878-F82D801E4602}.Debug|x86.ActiveCfg = Debug|Win32
		{09B19A32-F44E-4122-9878-F82D801E4602}.Debug|x86.Build.0 = Debug|Win32
		{09B19A32-F44E-4122-9878-F82D801E4602}.Release|ARM.ActiveCfg = Release|Win32
		{09B19A32-F44E-4122-9878-F82D801E4602}.Release|x64.ActiveCfg = Release|x64
		{09B19A32-F44E-4122-9878-F82D801E4602}.Release|x64.Build.0 = Release|x64
		{09B19A32-F44E-4122-9878-F82D801E4602}.Release|x86.ActiveCfg = Release|Win32
		{09B19A32-F44E-4122-9878-F82D801E4602}.Release|x86.Build.0 = Release|Win32
	EndGlobalSection
	GlobalSection(SolutionProperties) = preSolution
		HideSolutionNode = FALSE
	EndGlobalSection
EndGlobal
