
Microsoft Visual Studio Solution File, Format Version 12.00
# Visual Studio 14
VisualStudioVersion = 14.0.24720.0
MinimumVisualStudioVersion = 10.0.40219.1
Project("{8BC9CEB8-8B4A-11D0-8D11-00A0C91BC942}") = "KMDF Driver1", "KMDF Driver1\KMDF Driver1.vcxproj", "{24933C40-933D-4A1D-9714-9D3F53F661F0}"
EndProject
Project("{8BC9CEB8-8B4A-11D0-8D11-00A0C91BC942}") = "UMDF 2 Driver1", "UMDF 2 Driver1\UMDF 2 Driver1.vcxproj", "{5B43A07B-12DC-4A21-8AC8-8CD875961DD1}"
EndProject
Project("{8BC9CEB8-8B4A-11D0-8D11-00A0C91BC942}") = "Driver Package1", "Driver Package1\Driver Package1.vcxproj", "{E445B5F1-3A1A-4938-9F7C-DCD35559B0DE}"
EndProject
Global
	GlobalSection(SolutionConfigurationPlatforms) = preSolution
		Debug|ARM = Debug|ARM
		Debug|ARM64 = Debug|ARM64
		Debug|x64 = Debug|x64
		Debug|x86 = Debug|x86
		Release|ARM = Release|ARM
		Release|ARM64 = Release|ARM64
		Release|x64 = Release|x64
		Release|x86 = Release|x86
	EndGlobalSection
	GlobalSection(ProjectConfigurationPlatforms) = postSolution
		{24933C40-933D-4A1D-9714-9D3F53F661F0}.Debug|ARM.ActiveCfg = Debug|ARM
		{24933C40-933D-4A1D-9714-9D3F53F661F0}.Debug|ARM.Build.0 = Debug|ARM
		{24933C40-933D-4A1D-9714-9D3F53F661F0}.Debug|ARM.Deploy.0 = Debug|ARM
		{24933C40-933D-4A1D-9714-9D3F53F661F0}.Debug|ARM64.ActiveCfg = Debug|ARM64
		{24933C40-933D-4A1D-9714-9D3F53F661F0}.Debug|ARM64.Build.0 = Debug|ARM64
		{24933C40-933D-4A1D-9714-9D3F53F661F0}.Debug|ARM64.Deploy.0 = Debug|ARM64
		{24933C40-933D-4A1D-9714-9D3F53F661F0}.Debug|x64.ActiveCfg = Debug|x64
		{24933C40-933D-4A1D-9714-9D3F53F661F0}.Debug|x64.Build.0 = Debug|x64
		{24933C40-933D-4A1D-9714-9D3F53F661F0}.Debug|x64.Deploy.0 = Debug|x64
		{24933C40-933D-4A1D-9714-9D3F53F661F0}.Debug|x86.ActiveCfg = Debug|Win32
		{24933C40-933D-4A1D-9714-9D3F53F661F0}.Debug|x86.Build.0 = Debug|Win32
		{24933C40-933D-4A1D-9714-9D3F53F661F0}.Debug|x86.Deploy.0 = Debug|Win32
		{24933C40-933D-4A1D-9714-9D3F53F661F0}.Release|ARM.ActiveCfg = Release|ARM
		{24933C40-933D-4A1D-9714-9D3F53F661F0}.Release|ARM.Build.0 = Release|ARM
		{24933C40-933D-4A1D-9714-9D3F53F661F0}.Release|ARM.Deploy.0 = Release|ARM
		{24933C40-933D-4A1D-9714-9D3F53F661F0}.Release|ARM64.ActiveCfg = Release|ARM64
		{24933C40-933D-4A1D-9714-9D3F53F661F0}.Release|ARM64.Build.0 = Release|ARM64
		{24933C40-933D-4A1D-9714-9D3F53F661F0}.Release|ARM64.Deploy.0 = Release|ARM64
		{24933C40-933D-4A1D-9714-9D3F53F661F0}.Release|x64.ActiveCfg = Release|x64
		{24933C40-933D-4A1D-9714-9D3F53F661F0}.Release|x64.Build.0 = Release|x64
		{24933C40-933D-4A1D-9714-9D3F53F661F0}.Release|x64.Deploy.0 = Release|x64
		{24933C40-933D-4A1D-9714-9D3F53F661F0}.Release|x86.ActiveCfg = Release|Win32
		{24933C40-933D-4A1D-9714-9D3F53F661F0}.Release|x86.Build.0 = Release|Win32
		{24933C40-933D-4A1D-9714-9D3F53F661F0}.Release|x86.Deploy.0 = Release|Win32
		{5B43A07B-12DC-4A21-8AC8-8CD875961DD1}.Debug|ARM.ActiveCfg = Debug|ARM
		{5B43A07B-12DC-4A21-8AC8-8CD875961DD1}.Debug|ARM.Build.0 = Debug|ARM
		{5B43A07B-12DC-4A21-8AC8-8CD875961DD1}.Debug|ARM.Deploy.0 = Debug|ARM
		{5B43A07B-12DC-4A21-8AC8-8CD875961DD1}.Debug|ARM64.ActiveCfg = Debug|ARM64
		{5B43A07B-12DC-4A21-8AC8-8CD875961DD1}.Debug|ARM64.Build.0 = Debug|ARM64
		{5B43A07B-12DC-4A21-8AC8-8CD875961DD1}.Debug|ARM64.Deploy.0 = Debug|ARM64
		{5B43A07B-12DC-4A21-8AC8-8CD875961DD1}.Debug|x64.ActiveCfg = Debug|x64
		{5B43A07B-12DC-4A21-8AC8-8CD875961DD1}.Debug|x64.Build.0 = Debug|x64
		{5B43A07B-12DC-4A21-8AC8-8CD875961DD1}.Debug|x64.Deploy.0 = Debug|x64
		{5B43A07B-12DC-4A21-8AC8-8CD875961DD1}.Debug|x86.ActiveCfg = Debug|Win32
		{5B43A07B-12DC-4A21-8AC8-8CD875961DD1}.Debug|x86.Build.0 = Debug|Win32
		{5B43A07B-12DC-4A21-8AC8-8CD875961DD1}.Debug|x86.Deploy.0 = Debug|Win32
		{5B43A07B-12DC-4A21-8AC8-8CD875961DD1}.Release|ARM.ActiveCfg = Release|ARM
		{5B43A07B-12DC-4A21-8AC8-8CD875961DD1}.Release|ARM.Build.0 = Release|ARM
		{5B43A07B-12DC-4A21-8AC8-8CD875961DD1}.Release|ARM.Deploy.0 = Release|ARM
		{5B43A07B-12DC-4A21-8AC8-8CD875961DD1}.Release|ARM64.ActiveCfg = Release|ARM64
		{5B43A07B-12DC-4A21-8AC8-8CD875961DD1}.Release|ARM64.Build.0 = Release|ARM64
		{5B43A07B-12DC-4A21-8AC8-8CD875961DD1}.Release|ARM64.Deploy.0 = Release|ARM64
		{5B43A07B-12DC-4A21-8AC8-8CD875961DD1}.Release|x64.ActiveCfg = Release|x64
		{5B43A07B-12DC-4A21-8AC8-8CD875961DD1}.Release|x64.Build.0 = Release|x64
		{5B43A07B-12DC-4A21-8AC8-8CD875961DD1}.Release|x64.Deploy.0 = Release|x64
		{5B43A07B-12DC-4A21-8AC8-8CD875961DD1}.Release|x86.ActiveCfg = Release|Win32
		{5B43A07B-12DC-4A21-8AC8-8CD875961DD1}.Release|x86.Build.0 = Release|Win32
		{5B43A07B-12DC-4A21-8AC8-8CD875961DD1}.Release|x86.Deploy.0 = Release|Win32
		{E445B5F1-3A1A-4938-9F7C-DCD35559B0DE}.Debug|ARM.ActiveCfg = Debug|ARM
		{E445B5F1-3A1A-4938-9F7C-DCD35559B0DE}.Debug|ARM.Build.0 = Debug|ARM
		{E445B5F1-3A1A-4938-9F7C-DCD35559B0DE}.Debug|ARM.Deploy.0 = Debug|ARM
		{E445B5F1-3A1A-4938-9F7C-DCD35559B0DE}.Debug|ARM64.ActiveCfg = Debug|ARM64
		{E445B5F1-3A1A-4938-9F7C-DCD35559B0DE}.Debug|ARM64.Build.0 = Debug|ARM64
		{E445B5F1-3A1A-4938-9F7C-DCD35559B0DE}.Debug|ARM64.Deploy.0 = Debug|ARM64
		{E445B5F1-3A1A-4938-9F7C-DCD35559B0DE}.Debug|x64.ActiveCfg = Debug|x64
		{E445B5F1-3A1A-4938-9F7C-DCD35559B0DE}.Debug|x64.Build.0 = Debug|x64
		{E445B5F1-3A1A-4938-9F7C-DCD35559B0DE}.Debug|x64.Deploy.0 = Debug|x64
		{E445B5F1-3A1A-4938-9F7C-DCD35559B0DE}.Debug|x86.ActiveCfg = Debug|Win32
		{E445B5F1-3A1A-4938-9F7C-DCD35559B0DE}.Debug|x86.Build.0 = Debug|Win32
		{E445B5F1-3A1A-4938-9F7C-DCD35559B0DE}.Debug|x86.Deploy.0 = Debug|Win32
		{E445B5F1-3A1A-4938-9F7C-DCD35559B0DE}.Release|ARM.ActiveCfg = Release|ARM
		{E445B5F1-3A1A-4938-9F7C-DCD35559B0DE}.Release|ARM.Build.0 = Release|ARM
		{E445B5F1-3A1A-4938-9F7C-DCD35559B0DE}.Release|ARM.Deploy.0 = Release|ARM
		{E445B5F1-3A1A-4938-9F7C-DCD35559B0DE}.Release|ARM64.ActiveCfg = Release|ARM64
		{E445B5F1-3A1A-4938-9F7C-DCD35559B0DE}.Release|ARM64.Build.0 = Release|ARM64
		{E445B5F1-3A1A-4938-9F7C-DCD35559B0DE}.Release|ARM64.Deploy.0 = Release|ARM64
		{E445B5F1-3A1A-4938-9F7C-DCD35559B0DE}.Release|x64.ActiveCfg = Release|x64
		{E445B5F1-3A1A-4938-9F7C-DCD35559B0DE}.Release|x64.Build.0 = Release|x64
		{E445B5F1-3A1A-4938-9F7C-DCD35559B0DE}.Release|x64.Deploy.0 = Release|x64
		{E445B5F1-3A1A-4938-9F7C-DCD35559B0DE}.Release|x86.ActiveCfg = Release|Win32
		{E445B5F1-3A1A-4938-9F7C-DCD35559B0DE}.Release|x86.Build.0 = Release|Win32
		{E445B5F1-3A1A-4938-9F7C-DCD35559B0DE}.Release|x86.Deploy.0 = Release|Win32
	EndGlobalSection
	GlobalSection(SolutionProperties) = preSolution
		HideSolutionNode = FALSE
	EndGlobalSection
EndGlobal
